
Microsoft Visual Studio Solution File, Format Version 12.00
# Visual Studio Version 17
VisualStudioVersion = 17.9.34616.47
MinimumVisualStudioVersion = 10.0.40219.1
Project("{8BC9CEB8-8B4A-11D0-8D11-00A0C91BC942}") = "ParadigmaOOP1", "ParadigmaOOP1\ParadigmaOOP1.vcxproj", "{417DD1E3-9D20-428C-8DF4-F5DCEADABD30}"
EndProject
Project("{8BC9CEB8-8B4A-11D0-8D11-00A0C91BC942}") = "Komposisi", "Komposisi\Komposisi.vcxproj", "{E4468941-62FA-4A78-A7FB-7582F440AEFD}"
EndProject
Project("{8BC9CEB8-8B4A-11D0-8D11-00A0C91BC942}") = "Agregasi", "Agregasi\Agregasi.vcxproj", "{2CAB6B86-0E7A-4A9E-B2C3-C87A3EB97EEA}"
EndProject
Project("{8BC9CEB8-8B4A-11D0-8D11-00A0C91BC942}") = "Asosiasi", "Asosiasi\Asosiasi.vcxproj", "{8E8C01A0-5086-45DB-9F48-A3D42C6AA175}"
EndProject
Global
	GlobalSection(SolutionConfigurationPlatforms) = preSolution
		Debug|x64 = Debug|x64
		Debug|x86 = Debug|x86
		Release|x64 = Release|x64
		Release|x86 = Release|x86
	EndGlobalSection
	GlobalSection(ProjectConfigurationPlatforms) = postSolution
		{417DD1E3-9D20-428C-8DF4-F5DCEADABD30}.Debug|x64.ActiveCfg = Debug|x64
		{417DD1E3-9D20-428C-8DF4-F5DCEADABD30}.Debug|x64.Build.0 = Debug|x64
		{417DD1E3-9D20-428C-8DF4-F5DCEADABD30}.Debug|x86.ActiveCfg = Debug|Win32
		{417DD1E3-9D20-428C-8DF4-F5DCEADABD30}.Debug|x86.Build.0 = Debug|Win32
		{417DD1E3-9D20-428C-8DF4-F5DCEADABD30}.Release|x64.ActiveCfg = Release|x64
		{417DD1E3-9D20-428C-8DF4-F5DCEADABD30}.Release|x64.Build.0 = Release|x64
		{417DD1E3-9D20-428C-8DF4-F5DCEADABD30}.Release|x86.ActiveCfg = Release|Win32
		{417DD1E3-9D20-428C-8DF4-F5DCEADABD30}.Release|x86.Build.0 = Release|Win32
		{E4468941-62FA-4A78-A7FB-7582F440AEFD}.Debug|x64.ActiveCfg = Debug|x64
		{E4468941-62FA-4A78-A7FB-7582F440AEFD}.Debug|x64.Build.0 = Debug|x64
		{E4468941-62FA-4A78-A7FB-7582F440AEFD}.Debug|x86.ActiveCfg = Debug|Win32
		{E4468941-62FA-4A78-A7FB-7582F440AEFD}.Debug|x86.Build.0 = Debug|Win32
		{E4468941-62FA-4A78-A7FB-7582F440AEFD}.Release|x64.ActiveCfg = Release|x64
		{E4468941-62FA-4A78-A7FB-7582F440AEFD}.Release|x64.Build.0 = Release|x64
		{E4468941-62FA-4A78-A7FB-7582F440AEFD}.Release|x86.ActiveCfg = Release|Win32
		{E4468941-62FA-4A78-A7FB-7582F440AEFD}.Release|x86.Build.0 = Release|Win32
		{2CAB6B86-0E7A-4A9E-B2C3-C87A3EB97EEA}.Debug|x64.ActiveCfg = Debug|x64
		{2CAB6B86-0E7A-4A9E-B2C3-C87A3EB97EEA}.Debug|x64.Build.0 = Debug|x64
		{2CAB6B86-0E7A-4A9E-B2C3-C87A3EB97EEA}.Debug|x86.ActiveCfg = Debug|Win32
		{2CAB6B86-0E7A-4A9E-B2C3-C87A3EB97EEA}.Debug|x86.Build.0 = Debug|Win32
		{2CAB6B86-0E7A-4A9E-B2C3-C87A3EB97EEA}.Release|x64.ActiveCfg = Release|x64
		{2CAB6B86-0E7A-4A9E-B2C3-C87A3EB97EEA}.Release|x64.Build.0 = Release|x64
		{2CAB6B86-0E7A-4A9E-B2C3-C87A3EB97EEA}.Release|x86.ActiveCfg = Release|Win32
		{2CAB6B86-0E7A-4A9E-B2C3-C87A3EB97EEA}.Release|x86.Build.0 = Release|Win32
		{8E8C01A0-5086-45DB-9F48-A3D42C6AA175}.Debug|x64.ActiveCfg = Debug|x64
		{8E8C01A0-5086-45DB-9F48-A3D42C6AA175}.Debug|x64.Build.0 = Debug|x64
		{8E8C01A0-5086-45DB-9F48-A3D42C6AA175}.Debug|x86.ActiveCfg = Debug|Win32
		{8E8C01A0-5086-45DB-9F48-A3D42C6AA175}.Debug|x86.Build.0 = Debug|Win32
		{8E8C01A0-5086-45DB-9F48-A3D42C6AA175}.Release|x64.ActiveCfg = Release|x64
		{8E8C01A0-5086-45DB-9F48-A3D42C6AA175}.Release|x64.Build.0 = Release|x64
		{8E8C01A0-5086-45DB-9F48-A3D42C6AA175}.Release|x86.ActiveCfg = Release|Win32
		{8E8C01A0-5086-45DB-9F48-A3D42C6AA175}.Release|x86.Build.0 = Release|Win32
	EndGlobalSection
	GlobalSection(SolutionProperties) = preSolution
		HideSolutionNode = FALSE
	EndGlobalSection
	GlobalSection(ExtensibilityGlobals) = postSolution
		SolutionGuid = {5858E31C-45F1-4DD3-80BE-6508E2A9006E}
	EndGlobalSection
EndGlobal
